// !$*UTF8*$!
{
	archiveVersion = 1;
	classes = {
	};
	objectVersion = 77;
	objects = {

/* Begin PBXContainerItemProxy section */
		96D69BF32D174F99009B182E /* PBXContainerItemProxy */ = {
			isa = PBXContainerItemProxy;
			containerPortal = 96D69BDA2D174F98009B182E /* Project object */;
			proxyType = 1;
			remoteGlobalIDString = 96D69BE12D174F98009B182E;
			remoteInfo = "chat-swiftui";
		};
		96D69BFD2D174F99009B182E /* PBXContainerItemProxy */ = {
			isa = PBXContainerItemProxy;
			containerPortal = 96D69BDA2D174F98009B182E /* Project object */;
			proxyType = 1;
			remoteGlobalIDString = 96D69BE12D174F98009B182E;
			remoteInfo = "chat-swiftui";
		};
/* End PBXContainerItemProxy section */

/* Begin PBXFileReference section */
		96D69BE22D174F98009B182E /* chat-swiftui.app */ = {isa = PBXFileReference; explicitFileType = wrapper.application; includeInIndex = 0; path = "chat-swiftui.app"; sourceTree = BUILT_PRODUCTS_DIR; };
		96D69BF22D174F99009B182E /* chat-swiftuiTests.xctest */ = {isa = PBXFileReference; explicitFileType = wrapper.cfbundle; includeInIndex = 0; path = "chat-swiftuiTests.xctest"; sourceTree = BUILT_PRODUCTS_DIR; };
		96D69BFC2D174F99009B182E /* chat-swiftuiUITests.xctest */ = {isa = PBXFileReference; explicitFileType = wrapper.cfbundle; includeInIndex = 0; path = "chat-swiftuiUITests.xctest"; sourceTree = BUILT_PRODUCTS_DIR; };
/* End PBXFileReference section */

/* Begin PBXFileSystemSynchronizedRootGroup section */
		96D69BE42D174F98009B182E /* chat-swiftui */ = {
			isa = PBXFileSystemSynchronizedRootGroup;
			path = "chat-swiftui";
			sourceTree = "<group>";
		};
		96D69BF52D174F99009B182E /* chat-swiftuiTests */ = {
			isa = PBXFileSystemSynchronizedRootGroup;
			path = "chat-swiftuiTests";
			sourceTree = "<group>";
		};
		96D69BFF2D174F99009B182E /* chat-swiftuiUITests */ = {
			isa = PBXFileSystemSynchronizedRootGroup;
			path = "chat-swiftuiUITests";
			sourceTree = "<group>";
		};
/* End PBXFileSystemSynchronizedRootGroup section */

/* Begin PBXFrameworksBuildPhase section */
		96D69BDF2D174F98009B182E /* Frameworks */ = {
			isa = PBXFrameworksBuildPhase;
			buildActionMask = 2147483647;
			files = (
			);
			runOnlyForDeploymentPostprocessing = 0;
		};
		96D69BEF2D174F99009B182E /* Frameworks */ = {
			isa = PBXFrameworksBuildPhase;
			buildActionMask = 2147483647;
			files = (
			);
			runOnlyForDeploymentPostprocessing = 0;
		};
		96D69BF92D174F99009B182E /* Frameworks */ = {
			isa = PBXFrameworksBuildPhase;
			buildActionMask = 2147483647;
			files = (
			);
			runOnlyForDeploymentPostprocessing = 0;
		};
/* End PBXFrameworksBuildPhase section */

/* Begin PBXGroup section */
		96D69BD92D174F98009B182E = {
			isa = PBXGroup;
			children = (
				96D69BE42D174F98009B182E /* chat-swiftui */,
				96D69BF52D174F99009B182E /* chat-swiftuiTests */,
				96D69BFF2D174F99009B182E /* chat-swiftuiUITests */,
				96D69BE32D174F98009B182E /* Products */,
			);
			sourceTree = "<group>";
		};
		96D69BE32D174F98009B182E /* Products */ = {
			isa = PBXGroup;
			children = (
				96D69BE22D174F98009B182E /* chat-swiftui.app */,
				96D69BF22D174F99009B182E /* chat-swiftuiTests.xctest */,
				96D69BFC2D174F99009B182E /* chat-swiftuiUITests.xctest */,
			);
			name = Products;
			sourceTree = "<group>";
		};
/* End PBXGroup section */

/* Begin PBXNativeTarget section */
		96D69BE12D174F98009B182E /* chat-swiftui */ = {
			isa = PBXNativeTarget;
			buildConfigurationList = 96D69C062D174F99009B182E /* Build configuration list for PBXNativeTarget "chat-swiftui" */;
			buildPhases = (
				96D69BDE2D174F98009B182E /* Sources */,
				96D69BDF2D174F98009B182E /* Frameworks */,
				96D69BE02D174F98009B182E /* Resources */,
			);
			buildRules = (
			);
			dependencies = (
			);
			fileSystemSynchronizedGroups = (
				96D69BE42D174F98009B182E /* chat-swiftui */,
			);
			name = "chat-swiftui";
			packageProductDependencies = (
			);
			productName = "chat-swiftui";
			productReference = 96D69BE22D174F98009B182E /* chat-swiftui.app */;
			productType = "com.apple.product-type.application";
		};
		96D69BF12D174F99009B182E /* chat-swiftuiTests */ = {
			isa = PBXNativeTarget;
			buildConfigurationList = 96D69C092D174F99009B182E /* Build configuration list for PBXNativeTarget "chat-swiftuiTests" */;
			buildPhases = (
				96D69BEE2D174F99009B182E /* Sources */,
				96D69BEF2D174F99009B182E /* Frameworks */,
				96D69BF02D174F99009B182E /* Resources */,
			);
			buildRules = (
			);
			dependencies = (
				96D69BF42D174F99009B182E /* PBXTargetDependency */,
			);
			fileSystemSynchronizedGroups = (
				96D69BF52D174F99009B182E /* chat-swiftuiTests */,
			);
			name = "chat-swiftuiTests";
			packageProductDependencies = (
			);
			productName = "chat-swiftuiTests";
			productReference = 96D69BF22D174F99009B182E /* chat-swiftuiTests.xctest */;
			productType = "com.apple.product-type.bundle.unit-test";
		};
		96D69BFB2D174F99009B182E /* chat-swiftuiUITests */ = {
			isa = PBXNativeTarget;
			buildConfigurationList = 96D69C0C2D174F99009B182E /* Build configuration list for PBXNativeTarget "chat-swiftuiUITests" */;
			buildPhases = (
				96D69BF82D174F99009B182E /* Sources */,
				96D69BF92D174F99009B182E /* Frameworks */,
				96D69BFA2D174F99009B182E /* Resources */,
			);
			buildRules = (
			);
			dependencies = (
				96D69BFE2D174F99009B182E /* PBXTargetDependency */,
			);
			fileSystemSynchronizedGroups = (
				96D69BFF2D174F99009B182E /* chat-swiftuiUITests */,
			);
			name = "chat-swiftuiUITests";
			packageProductDependencies = (
			);
			productName = "chat-swiftuiUITests";
			productReference = 96D69BFC2D174F99009B182E /* chat-swiftuiUITests.xctest */;
			productType = "com.apple.product-type.bundle.ui-testing";
		};
/* End PBXNativeTarget section */

/* Begin PBXProject section */
		96D69BDA2D174F98009B182E /* Project object */ = {
			isa = PBXProject;
			attributes = {
				BuildIndependentTargetsInParallel = 1;
				LastSwiftUpdateCheck = 1620;
				LastUpgradeCheck = 1620;
				TargetAttributes = {
					96D69BE12D174F98009B182E = {
						CreatedOnToolsVersion = 16.2;
					};
					96D69BF12D174F99009B182E = {
						CreatedOnToolsVersion = 16.2;
						TestTargetID = 96D69BE12D174F98009B182E;
					};
					96D69BFB2D174F99009B182E = {
						CreatedOnToolsVersion = 16.2;
						TestTargetID = 96D69BE12D174F98009B182E;
					};
				};
			};
			buildConfigurationList = 96D69BDD2D174F98009B182E /* Build configuration list for PBXProject "chat-swiftui" */;
			developmentRegion = en;
			hasScannedForEncodings = 0;
			knownRegions = (
				en,
				Base,
			);
			mainGroup = 96D69BD92D174F98009B182E;
			minimizedProjectReferenceProxies = 1;
			preferredProjectObjectVersion = 77;
			productRefGroup = 96D69BE32D174F98009B182E /* Products */;
			projectDirPath = "";
			projectRoot = "";
			targets = (
				96D69BE12D174F98009B182E /* chat-swiftui */,
				96D69BF12D174F99009B182E /* chat-swiftuiTests */,
				96D69BFB2D174F99009B182E /* chat-swiftuiUITests */,
			);
		};
/* End PBXProject section */

/* Begin PBXResourcesBuildPhase section */
		96D69BE02D174F98009B182E /* Resources */ = {
			isa = PBXResourcesBuildPhase;
			buildActionMask = 2147483647;
			files = (
			);
			runOnlyForDeploymentPostprocessing = 0;
		};
		96D69BF02D174F99009B182E /* Resources */ = {
			isa = PBXResourcesBuildPhase;
			buildActionMask = 2147483647;
			files = (
			);
			runOnlyForDeploymentPostprocessing = 0;
		};
		96D69BFA2D174F99009B182E /* Resources */ = {
			isa = PBXResourcesBuildPhase;
			buildActionMask = 2147483647;
			files = (
			);
			runOnlyForDeploymentPostprocessing = 0;
		};
/* End PBXResourcesBuildPhase section */

/* Begin PBXSourcesBuildPhase section */
		96D69BDE2D174F98009B182E /* Sources */ = {
			isa = PBXSourcesBuildPhase;
			buildActionMask = 2147483647;
			files = (
			);
			runOnlyForDeploymentPostprocessing = 0;
		};
		96D69BEE2D174F99009B182E /* Sources */ = {
			isa = PBXSourcesBuildPhase;
			buildActionMask = 2147483647;
			files = (
			);
			runOnlyForDeploymentPostprocessing = 0;
		};
		96D69BF82D174F99009B182E /* Sources */ = {
			isa = PBXSourcesBuildPhase;
			buildActionMask = 2147483647;
			files = (
			);
			runOnlyForDeploymentPostprocessing = 0;
		};
/* End PBXSourcesBuildPhase section */

/* Begin PBXTargetDependency section */
		96D69BF42D174F99009B182E /* PBXTargetDependency */ = {
			isa = PBXTargetDependency;
			target = 96D69BE12D174F98009B182E /* chat-swiftui */;
			targetProxy = 96D69BF32D174F99009B182E /* PBXContainerItemProxy */;
		};
		96D69BFE2D174F99009B182E /* PBXTargetDependency */ = {
			isa = PBXTargetDependency;
			target = 96D69BE12D174F98009B182E /* chat-swiftui */;
			targetProxy = 96D69BFD2D174F99009B182E /* PBXContainerItemProxy */;
		};
/* End PBXTargetDependency section */

/* Begin XCBuildConfiguration section */
		96D69C042D174F99009B182E /* Debug */ = {
			isa = XCBuildConfiguration;
			buildSettings = {
				ALWAYS_SEARCH_USER_PATHS = NO;
				ASSETCATALOG_COMPILER_GENERATE_SWIFT_ASSET_SYMBOL_EXTENSIONS = YES;
				CLANG_ANALYZER_NONNULL = YES;
				CLANG_ANALYZER_NUMBER_OBJECT_CONVERSION = YES_AGGRESSIVE;
				CLANG_CXX_LANGUAGE_STANDARD = "gnu++20";
				CLANG_ENABLE_MODULES = YES;
				CLANG_ENABLE_OBJC_ARC = YES;
				CLANG_ENABLE_OBJC_WEAK = YES;
				CLANG_WARN_BLOCK_CAPTURE_AUTORELEASING = YES;
				CLANG_WARN_BOOL_CONVERSION = YES;
				CLANG_WARN_COMMA = YES;
				CLANG_WARN_CONSTANT_CONVERSION = YES;
				CLANG_WARN_DEPRECATED_OBJC_IMPLEMENTATIONS = YES;
				CLANG_WARN_DIRECT_OBJC_ISA_USAGE = YES_ERROR;
				CLANG_WARN_DOCUMENTATION_COMMENTS = YES;
				CLANG_WARN_EMPTY_BODY = YES;
				CLANG_WARN_ENUM_CONVERSION = YES;
				CLANG_WARN_INFINITE_RECURSION = YES;
				CLANG_WARN_INT_CONVERSION = YES;
				CLANG_WARN_NON_LITERAL_NULL_CONVERSION = YES;
				CLANG_WARN_OBJC_IMPLICIT_RETAIN_SELF = YES;
				CLANG_WARN_OBJC_LITERAL_CONVERSION = YES;
				CLANG_WARN_OBJC_ROOT_CLASS = YES_ERROR;
				CLANG_WARN_QUOTED_INCLUDE_IN_FRAMEWORK_HEADER = YES;
				CLANG_WARN_RANGE_LOOP_ANALYSIS = YES;
				CLANG_WARN_STRICT_PROTOTYPES = YES;
				CLANG_WARN_SUSPICIOUS_MOVE = YES;
				CLANG_WARN_UNGUARDED_AVAILABILITY = YES_AGGRESSIVE;
				CLANG_WARN_UNREACHABLE_CODE = YES;
				CLANG_WARN__DUPLICATE_METHOD_MATCH = YES;
				COPY_PHASE_STRIP = NO;
				DEBUG_INFORMATION_FORMAT = dwarf;
				ENABLE_STRICT_OBJC_MSGSEND = YES;
				ENABLE_TESTABILITY = YES;
				ENABLE_USER_SCRIPT_SANDBOXING = YES;
				GCC_C_LANGUAGE_STANDARD = gnu17;
				GCC_DYNAMIC_NO_PIC = NO;
				GCC_NO_COMMON_BLOCKS = YES;
				GCC_OPTIMIZATION_LEVEL = 0;
				GCC_PREPROCESSOR_DEFINITIONS = (
					"DEBUG=1",
					"$(inherited)",
				);
				GCC_WARN_64_TO_32_BIT_CONVERSION = YES;
				GCC_WARN_ABOUT_RETURN_TYPE = YES_ERROR;
				GCC_WARN_UNDECLARED_SELECTOR = YES;
				GCC_WARN_UNINITIALIZED_AUTOS = YES_AGGRESSIVE;
				GCC_WARN_UNUSED_FUNCTION = YES;
				GCC_WARN_UNUSED_VARIABLE = YES;
				IPHONEOS_DEPLOYMENT_TARGET = 18.2;
				LOCALIZATION_PREFERS_STRING_CATALOGS = YES;
				MTL_ENABLE_DEBUG_INFO = INCLUDE_SOURCE;
				MTL_FAST_MATH = YES;
				ONLY_ACTIVE_ARCH = YES;
				SDKROOT = iphoneos;
				SWIFT_ACTIVE_COMPILATION_CONDITIONS = "DEBUG $(inherited)";
				SWIFT_OPTIMIZATION_LEVEL = "-Onone";
			};
			name = Debug;
		};
		96D69C052D174F99009B182E /* Release */ = {
			isa = XCBuildConfiguration;
			buildSettings = {
				ALWAYS_SEARCH_USER_PATHS = NO;
				ASSETCATALOG_COMPILER_GENERATE_SWIFT_ASSET_SYMBOL_EXTENSIONS = YES;
				CLANG_ANALYZER_NONNULL = YES;
				CLANG_ANALYZER_NUMBER_OBJECT_CONVERSION = YES_AGGRESSIVE;
				CLANG_CXX_LANGUAGE_STANDARD = "gnu++20";
				CLANG_ENABLE_MODULES = YES;
				CLANG_ENABLE_OBJC_ARC = YES;
				CLANG_ENABLE_OBJC_WEAK = YES;
				CLANG_WARN_BLOCK_CAPTURE_AUTORELEASING = YES;
				CLANG_WARN_BOOL_CONVERSION = YES;
				CLANG_WARN_COMMA = YES;
				CLANG_WARN_CONSTANT_CONVERSION = YES;
				CLANG_WARN_DEPRECATED_OBJC_IMPLEMENTATIONS = YES;
				CLANG_WARN_DIRECT_OBJC_ISA_USAGE = YES_ERROR;
				CLANG_WARN_DOCUMENTATION_COMMENTS = YES;
				CLANG_WARN_EMPTY_BODY = YES;
				CLANG_WARN_ENUM_CONVERSION = YES;
				CLANG_WARN_INFINITE_RECURSION = YES;
				CLANG_WARN_INT_CONVERSION = YES;
				CLANG_WARN_NON_LITERAL_NULL_CONVERSION = YES;
				CLANG_WARN_OBJC_IMPLICIT_RETAIN_SELF = YES;
				CLANG_WARN_OBJC_LITERAL_CONVERSION = YES;
				CLANG_WARN_OBJC_ROOT_CLASS = YES_ERROR;
				CLANG_WARN_QUOTED_INCLUDE_IN_FRAMEWORK_HEADER = YES;
				CLANG_WARN_RANGE_LOOP_ANALYSIS = YES;
				CLANG_WARN_STRICT_PROTOTYPES = YES;
				CLANG_WARN_SUSPICIOUS_MOVE = YES;
				CLANG_WARN_UNGUARDED_AVAILABILITY = YES_AGGRESSIVE;
				CLANG_WARN_UNREACHABLE_CODE = YES;
				CLANG_WARN__DUPLICATE_METHOD_MATCH = YES;
				COPY_PHASE_STRIP = NO;
				DEBUG_INFORMATION_FORMAT = "dwarf-with-dsym";
				ENABLE_NS_ASSERTIONS = NO;
				ENABLE_STRICT_OBJC_MSGSEND = YES;
				ENABLE_USER_SCRIPT_SANDBOXING = YES;
				GCC_C_LANGUAGE_STANDARD = gnu17;
				GCC_NO_COMMON_BLOCKS = YES;
				GCC_WARN_64_TO_32_BIT_CONVERSION = YES;
				GCC_WARN_ABOUT_RETURN_TYPE = YES_ERROR;
				GCC_WARN_UNDECLARED_SELECTOR = YES;
				GCC_WARN_UNINITIALIZED_AUTOS = YES_AGGRESSIVE;
				GCC_WARN_UNUSED_FUNCTION = YES;
				GCC_WARN_UNUSED_VARIABLE = YES;
				IPHONEOS_DEPLOYMENT_TARGET = 18.2;
				LOCALIZATION_PREFERS_STRING_CATALOGS = YES;
				MTL_ENABLE_DEBUG_INFO = NO;
				MTL_FAST_MATH = YES;
				SDKROOT = iphoneos;
				SWIFT_COMPILATION_MODE = wholemodule;
				VALIDATE_PRODUCT = YES;
			};
			name = Release;
		};
		96D69C072D174F99009B182E /* Debug */ = {
			isa = XCBuildConfiguration;
			buildSettings = {
				ASSETCATALOG_COMPILER_APPICON_NAME = AppIcon;
				ASSETCATALOG_COMPILER_GLOBAL_ACCENT_COLOR_NAME = AccentColor;
				CODE_SIGN_STYLE = Automatic;
				CURRENT_PROJECT_VERSION = 1;
				DEVELOPMENT_ASSET_PATHS = "\"chat-swiftui/Preview Content\"";
				DEVELOPMENT_TEAM = UMS95NYGUN;
				ENABLE_PREVIEWS = YES;
				GENERATE_INFOPLIST_FILE = YES;
				INFOPLIST_KEY_UIApplicationSceneManifest_Generation = YES;
				INFOPLIST_KEY_UIApplicationSupportsIndirectInputEvents = YES;
				INFOPLIST_KEY_UILaunchScreen_Generation = YES;
				INFOPLIST_KEY_UISupportedInterfaceOrientations_iPad = "UIInterfaceOrientationPortrait UIInterfaceOrientationPortraitUpsideDown UIInterfaceOrientationLandscapeLeft UIInterfaceOrientationLandscapeRight";
				INFOPLIST_KEY_UISupportedInterfaceOrientations_iPhone = "UIInterfaceOrientationPortrait UIInterfaceOrientationLandscapeLeft UIInterfaceOrientationLandscapeRight";
				LD_RUNPATH_SEARCH_PATHS = (
					"$(inherited)",
					"@executable_path/Frameworks",
				);
				MARKETING_VERSION = 1.0;
				PRODUCT_BUNDLE_IDENTIFIER = "aoiro.savant.chat-swiftui";
				PRODUCT_NAME = "$(TARGET_NAME)";
				SWIFT_EMIT_LOC_STRINGS = YES;
				SWIFT_VERSION = 5.0;
				TARGETED_DEVICE_FAMILY = "1,2";
			};
			name = Debug;
		};
		96D69C082D174F99009B182E /* Release */ = {
			isa = XCBuildConfiguration;
			buildSettings = {
				ASSETCATALOG_COMPILER_APPICON_NAME = AppIcon;
				ASSETCATALOG_COMPILER_GLOBAL_ACCENT_COLOR_NAME = AccentColor;
				CODE_SIGN_STYLE = Automatic;
				CURRENT_PROJECT_VERSION = 1;
				DEVELOPMENT_ASSET_PATHS = "\"chat-swiftui/Preview Content\"";
				DEVELOPMENT_TEAM = UMS95NYGUN;
				ENABLE_PREVIEWS = YES;
				GENERATE_INFOPLIST_FILE = YES;
				INFOPLIST_KEY_UIApplicationSceneManifest_Generation = YES;
				INFOPLIST_KEY_UIApplicationSupportsIndirectInputEvents = YES;
				INFOPLIST_KEY_UILaunchScreen_Generation = YES;
				INFOPLIST_KEY_UISupportedInterfaceOrientations_iPad = "UIInterfaceOrientationPortrait UIInterfaceOrientationPortraitUpsideDown UIInterfaceOrientationLandscapeLeft UIInterfaceOrientationLandscapeRight";
				INFOPLIST_KEY_UISupportedInterfaceOrientations_iPhone = "UIInterfaceOrientationPortrait UIInterfaceOrientationLandscapeLeft UIInterfaceOrientationLandscapeRight";
				LD_RUNPATH_SEARCH_PATHS = (
					"$(inherited)",
					"@executable_path/Frameworks",
				);
				MARKETING_VERSION = 1.0;
				PRODUCT_BUNDLE_IDENTIFIER = "aoiro.savant.chat-swiftui";
				PRODUCT_NAME = "$(TARGET_NAME)";
				SWIFT_EMIT_LOC_STRINGS = YES;
				SWIFT_VERSION = 5.0;
				TARGETED_DEVICE_FAMILY = "1,2";
			};
			name = Release;
		};
		96D69C0A2D174F99009B182E /* Debug */ = {
			isa = XCBuildConfiguration;
			buildSettings = {
				BUNDLE_LOADER = "$(TEST_HOST)";
				CODE_SIGN_STYLE = Automatic;
				CURRENT_PROJECT_VERSION = 1;
				DEVELOPMENT_TEAM = UMS95NYGUN;
				GENERATE_INFOPLIST_FILE = YES;
				IPHONEOS_DEPLOYMENT_TARGET = 18.2;
				MARKETING_VERSION = 1.0;
				PRODUCT_BUNDLE_IDENTIFIER = "aoiro.savant.chat-swiftuiTests";
				PRODUCT_NAME = "$(TARGET_NAME)";
				SWIFT_EMIT_LOC_STRINGS = NO;
				SWIFT_VERSION = 5.0;
				TARGETED_DEVICE_FAMILY = "1,2";
				TEST_HOST = "$(BUILT_PRODUCTS_DIR)/chat-swiftui.app/$(BUNDLE_EXECUTABLE_FOLDER_PATH)/chat-swiftui";
			};
			name = Debug;
		};
		96D69C0B2D174F99009B182E /* Release */ = {
			isa = XCBuildConfiguration;
			buildSettings = {
				BUNDLE_LOADER = "$(TEST_HOST)";
				CODE_SIGN_STYLE = Automatic;
				CURRENT_PROJECT_VERSION = 1;
				DEVELOPMENT_TEAM = UMS95NYGUN;
				GENERATE_INFOPLIST_FILE = YES;
				IPHONEOS_DEPLOYMENT_TARGET = 18.2;
				MARKETING_VERSION = 1.0;
				PRODUCT_BUNDLE_IDENTIFIER = "aoiro.savant.chat-swiftuiTests";
				PRODUCT_NAME = "$(TARGET_NAME)";
				SWIFT_EMIT_LOC_STRINGS = NO;
				SWIFT_VERSION = 5.0;
				TARGETED_DEVICE_FAMILY = "1,2";
				TEST_HOST = "$(BUILT_PRODUCTS_DIR)/chat-swiftui.app/$(BUNDLE_EXECUTABLE_FOLDER_PATH)/chat-swiftui";
			};
			name = Release;
		};
		96D69C0D2D174F99009B182E /* Debug */ = {
			isa = XCBuildConfiguration;
			buildSettings = {
				CODE_SIGN_STYLE = Automatic;
				CURRENT_PROJECT_VERSION = 1;
				DEVELOPMENT_TEAM = UMS95NYGUN;
				GENERATE_INFOPLIST_FILE = YES;
				MARKETING_VERSION = 1.0;
				PRODUCT_BUNDLE_IDENTIFIER = "aoiro.savant.chat-swiftuiUITests";
				PRODUCT_NAME = "$(TARGET_NAME)";
				SWIFT_EMIT_LOC_STRINGS = NO;
				SWIFT_VERSION = 5.0;
				TARGETED_DEVICE_FAMILY = "1,2";
				TEST_TARGET_NAME = "chat-swiftui";
			};
			name = Debug;
		};
		96D69C0E2D174F99009B182E /* Release */ = {
			isa = XCBuildConfiguration;
			buildSettings = {
				CODE_SIGN_STYLE = Automatic;
				CURRENT_PROJECT_VERSION = 1;
				DEVELOPMENT_TEAM = UMS95NYGUN;
				GENERATE_INFOPLIST_FILE = YES;
				MARKETING_VERSION = 1.0;
				PRODUCT_BUNDLE_IDENTIFIER = "aoiro.savant.chat-swiftuiUITests";
				PRODUCT_NAME = "$(TARGET_NAME)";
				SWIFT_EMIT_LOC_STRINGS = NO;
				SWIFT_VERSION = 5.0;
				TARGETED_DEVICE_FAMILY = "1,2";
				TEST_TARGET_NAME = "chat-swiftui";
			};
			name = Release;
		};
/* End XCBuildConfiguration section */

/* Begin XCConfigurationList section */
		96D69BDD2D174F98009B182E /* Build configuration list for PBXProject "chat-swiftui" */ = {
			isa = XCConfigurationList;
			buildConfigurations = (
				96D69C042D174F99009B182E /* Debug */,
				96D69C052D174F99009B182E /* Release */,
			);
			defaultConfigurationIsVisible = 0;
			defaultConfigurationName = Release;
		};
		96D69C062D174F99009B182E /* Build configuration list for PBXNativeTarget "chat-swiftui" */ = {
			isa = XCConfigurationList;
			buildConfigurations = (
				96D69C072D174F99009B182E /* Debug */,
				96D69C082D174F99009B182E /* Release */,
			);
			defaultConfigurationIsVisible = 0;
			defaultConfigurationName = Release;
		};
		96D69C092D174F99009B182E /* Build configuration list for PBXNativeTarget "chat-swiftuiTests" */ = {
			isa = XCConfigurationList;
			buildConfigurations = (
				96D69C0A2D174F99009B182E /* Debug */,
				96D69C0B2D174F99009B182E /* Release */,
			);
			defaultConfigurationIsVisible = 0;
			defaultConfigurationName = Release;
		};
		96D69C0C2D174F99009B182E /* Build configuration list for PBXNativeTarget "chat-swiftuiUITests" */ = {
			isa = XCConfigurationList;
			buildConfigurations = (
				96D69C0D2D174F99009B182E /* Debug */,
				96D69C0E2D174F99009B182E /* Release */,
			);
			defaultConfigurationIsVisible = 0;
			defaultConfigurationName = Release;
		};
/* End XCConfigurationList section */
	};
	rootObject = 96D69BDA2D174F98009B182E /* Project object */;
}
